<?xml version="1.0" encoding="UTF-8"?>
<Scheme
   LastUpgradeVersion = "1240"
   version = "1.3">
   <BuildAction
      parallelizeBuildables = "YES"
      buildImplicitDependencies = "YES">
      <BuildActionEntries>
         <BuildActionEntry
            buildForTesting = "YES"
            buildForRunning = "YES"
            buildForProfiling = "YES"
            buildForArchiving = "YES"
            buildForAnalyzing = "YES">
            <BuildableReference
               BuildableIdentifier = "primary"
               BlueprintIdentifier = "12028D31260244EC000994EF"
               BuildableName = "VieSureAssignment.app"
               BlueprintName = "VieSureAssignment"
               ReferencedContainer = "container:VieSureAssignment.xcodeproj">
            </BuildableReference>
         </BuildActionEntry>
      </BuildActionEntries>
   </BuildAction>
   <TestAction
      buildConfiguration = "Debug"
      selectedDebuggerIdentifier = "Xcode.DebuggerFoundation.Debugger.LLDB"
      selectedLauncherIdentifier = "Xcode.DebuggerFoundation.Launcher.LLDB"
      shouldUseLaunchSchemeArgsEnv = "YES"
      codeCoverageEnabled = "YES"
      onlyGenerateCoverageForSpecifiedTargets = "YES">
      <CodeCoverageTargets>
         <BuildableReference
            BuildableIdentifier = "primary"
            BlueprintIdentifier = "12028DC5260245C0000994EF"
            BuildableName = "ArticleDetails.framework"
            BlueprintName = "ArticleDetails"
            ReferencedContainer = "container:VieSureAssignment.xcodeproj">
         </BuildableReference>
         <BuildableReference
            BuildableIdentifier = "primary"
            BlueprintIdentifier = "12028D9D260245B3000994EF"
            BuildableName = "ArticleList.framework"
            BlueprintName = "ArticleList"
            ReferencedContainer = "container:VieSureAssignment.xcodeproj">
         </BuildableReference>
         <BuildableReference
            BuildableIdentifier = "primary"
            BlueprintIdentifier = "12B89ADC2602609E00DE699E"
            BuildableName = "DesignSystem.framework"
            BlueprintName = "DesignSystem"
            ReferencedContainer = "container:VieSureAssignment.xcodeproj">
         </BuildableReference>
         <BuildableReference
            BuildableIdentifier = "primary"
            BlueprintIdentifier = "12028D7626024597000994EF"
            BuildableName = "Utils.framework"
            BlueprintName = "Utils"
            ReferencedContainer = "container:VieSureAssignment.xcodeproj">
         </BuildableReference>
         <BuildableReference
            BuildableIdentifier = "primary"
            BlueprintIdentifier = "12028D31260244EC000994EF"
            BuildableName = "VieSureAssignment.app"
            BlueprintName = "VieSureAssignment"
            ReferencedContainer = "container:VieSureAssignment.xcodeproj">
         </BuildableReference>
      </CodeCoverageTargets>
      <Testables>
         <TestableReference
            skipped = "NO">
            <BuildableReference
               BuildableIdentifier = "primary"
               BlueprintIdentifier = "12028D7E26024597000994EF"
               BuildableName = "UtilsTests.xctest"
               BlueprintName = "UtilsTests"
               ReferencedContainer = "container:VieSureAssignment.xcodeproj">
            </BuildableReference>
         </TestableReference>
         <TestableReference
            skipped = "NO">
            <BuildableReference
               BuildableIdentifier = "primary"
               BlueprintIdentifier = "12028DA5260245B3000994EF"
               BuildableName = "ArticleListTests.xctest"
               BlueprintName = "ArticleListTests"
               ReferencedContainer = "container:VieSureAssignment.xcodeproj">
            </BuildableReference>
         </TestableReference>
         <TestableReference
            skipped = "NO">
            <BuildableReference
               BuildableIdentifier = "primary"
               BlueprintIdentifier = "12028DCD260245C0000994EF"
               BuildableName = "ArticleDetailsTests.xctest"
               BlueprintName = "ArticleDetailsTests"
               ReferencedContainer = "container:VieSureAssignment.xcodeproj">
            </BuildableReference>
         </TestableReference>
         <TestableReference
            skipped = "NO">
            <BuildableReference
               BuildableIdentifier = "primary"
               BlueprintIdentifier = "12B89AE42602609F00DE699E"
               BuildableName = "DesignSystemTests.xctest"
               BlueprintName = "DesignSystemTests"
               ReferencedContainer = "container:VieSureAssignment.xcodeproj">
            </BuildableReference>
         </TestableReference>
      </Testables>
   </TestAction>
   <LaunchAction
      buildConfiguration = "Debug"
      selectedDebuggerIdentifier = "Xcode.DebuggerFoundation.Debugger.LLDB"
      selectedLauncherIdentifier = "Xcode.DebuggerFoundation.Launcher.LLDB"
      launchStyle = "0"
      useCustomWorkingDirectory = "NO"
      ignoresPersistentStateOnLaunch = "NO"
      debugDocumentVersioning = "YES"
      debugServiceExtension = "internal"
      allowLocationSimulation = "YES">
      <BuildableProductRunnable
         runnableDebuggingMode = "0">
         <BuildableReference
            BuildableIdentifier = "primary"
            BlueprintIdentifier = "12028D31260244EC000994EF"
            BuildableName = "VieSureAssignment.app"
            BlueprintName = "VieSureAssignment"
            ReferencedContainer = "container:VieSureAssignment.xcodeproj">
         </BuildableReference>
      </BuildableProductRunnable>
   </LaunchAction>
   <ProfileAction
      buildConfiguration = "Release"
      shouldUseLaunchSchemeArgsEnv = "YES"
      savedToolIdentifier = ""
      useCustomWorkingDirectory = "NO"
      debugDocumentVersioning = "YES">
      <BuildableProductRunnable
         runnableDebuggingMode = "0">
         <BuildableReference
            BuildableIdentifier = "primary"
            BlueprintIdentifier = "12028D31260244EC000994EF"
            BuildableName = "VieSureAssignment.app"
            BlueprintName = "VieSureAssignment"
            ReferencedContainer = "container:VieSureAssignment.xcodeproj">
         </BuildableReference>
      </BuildableProductRunnable>
   </ProfileAction>
   <AnalyzeAction
      buildConfiguration = "Debug">
   </AnalyzeAction>
   <ArchiveAction
      buildConfiguration = "Release"
      revealArchiveInOrganizer = "YES">
   </ArchiveAction>
</Scheme>
